// !$*UTF8*$!
{
	archiveVersion = 1;
	classes = {
	};
	objectVersion = 46;
	objects = {

/* Begin PBXBuildFile section */
		92950ACC1D1CDE1F008A5851 /* main.m in Sources */ = {isa = PBXBuildFile; fileRef = 92950ACB1D1CDE1F008A5851 /* main.m */; };
		92950AD41D1CDE6A008A5851 /* Find.m in Sources */ = {isa = PBXBuildFile; fileRef = 92950AD31D1CDE6A008A5851 /* Find.m */; };
/* End PBXBuildFile section */

/* Begin PBXCopyFilesBuildPhase section */
		92950AC61D1CDE1F008A5851 /* CopyFiles */ = {
			isa = PBXCopyFilesBuildPhase;
			buildActionMask = 2147483647;
			dstPath = /usr/share/man/man1/;
			dstSubfolderSpec = 0;
			files = (
			);
			runOnlyForDeploymentPostprocessing = 1;
		};
/* End PBXCopyFilesBuildPhase section */

/* Begin PBXFileReference section */
		92950AC81D1CDE1F008A5851 /* Find the Largest Number in an Array */ = {isa = PBXFileReference; explicitFileType = "compiled.mach-o.executable"; includeInIndex = 0; path = "Find the Largest Number in an Array"; sourceTree = BUILT_PRODUCTS_DIR; };
		92950ACB1D1CDE1F008A5851 /* main.m */ = {isa = PBXFileReference; lastKnownFileType = sourcecode.c.objc; path = main.m; sourceTree = "<group>"; };
		92950AD21D1CDE6A008A5851 /* Find.h */ = {isa = PBXFileReference; fileEncoding = 4; lastKnownFileType = sourcecode.c.h; path = Find.h; sourceTree = "<group>"; };
		92950AD31D1CDE6A008A5851 /* Find.m */ = {isa = PBXFileReference; fileEncoding = 4; lastKnownFileType = sourcecode.c.objc; path = Find.m; sourceTree = "<group>"; };
/* End PBXFileReference section */

/* Begin PBXFrameworksBuildPhase section */
		92950AC51D1CDE1F008A5851 /* Frameworks */ = {
			isa = PBXFrameworksBuildPhase;
			buildActionMask = 2147483647;
			files = (
			);
			runOnlyForDeploymentPostprocessing = 0;
		};
/* End PBXFrameworksBuildPhase section */

/* Begin PBXGroup section */
		92950ABF1D1CDE1F008A5851 = {
			isa = PBXGroup;
			children = (
				92950ACA1D1CDE1F008A5851 /* Find the Largest Number in an Array */,
				92950AC91D1CDE1F008A5851 /* Products */,
			);
			sourceTree = "<group>";
		};
		92950AC91D1CDE1F008A5851 /* Products */ = {
			isa = PBXGroup;
			children = (
				92950AC81D1CDE1F008A5851 /* Find the Largest Number in an Array */,
			);
			name = Products;
			sourceTree = "<group>";
		};
		92950ACA1D1CDE1F008A5851 /* Find the Largest Number in an Array */ = {
			isa = PBXGroup;
			children = (
				92950ACB1D1CDE1F008A5851 /* main.m */,
				92950AD21D1CDE6A008A5851 /* Find.h */,
				92950AD31D1CDE6A008A5851 /* Find.m */,
			);
			path = "Find the Largest Number in an Array";
			sourceTree = "<group>";
		};
/* End PBXGroup section */

/* Begin PBXNativeTarget section */
		92950AC71D1CDE1F008A5851 /* Find the Largest Number in an Array */ = {
			isa = PBXNativeTarget;
			buildConfigurationList = 92950ACF1D1CDE1F008A5851 /* Build configuration list for PBXNativeTarget "Find the Largest Number in an Array" */;
			buildPhases = (
				92950AC41D1CDE1F008A5851 /* Sources */,
				92950AC51D1CDE1F008A5851 /* Frameworks */,
				92950AC61D1CDE1F008A5851 /* CopyFiles */,
			);
			buildRules = (
			);
			dependencies = (
			);
			name = "Find the Largest Number in an Array";
			productName = "Find the Largest Number in an Array";
			productReference = 92950AC81D1CDE1F008A5851 /* Find the Largest Number in an Array */;
			productType = "com.apple.product-type.tool";
		};
/* End PBXNativeTarget section */

/* Begin PBXProject section */
		92950AC01D1CDE1F008A5851 /* Project object */ = {
			isa = PBXProject;
			attributes = {
				LastUpgradeCheck = 0730;
				ORGANIZATIONNAME = "Anthony Ma";
				TargetAttributes = {
					92950AC71D1CDE1F008A5851 = {
						CreatedOnToolsVersion = 7.3.1;
					};
				};
			};
			buildConfigurationList = 92950AC31D1CDE1F008A5851 /* Build configuration list for PBXProject "Find the Largest Number in an Array" */;
			compatibilityVersion = "Xcode 3.2";
			developmentRegion = English;
			hasScannedForEncodings = 0;
			knownRegions = (
				en,
			);
			mainGroup = 92950ABF1D1CDE1F008A5851;
			productRefGroup = 92950AC91D1CDE1F008A5851 /* Products */;
			projectDirPath = "";
			projectRoot = "";
			targets = (
				92950AC71D1CDE1F008A5851 /* Find the Largest Number in an Array */,
			);
		};
/* End PBXProject section */

/* Begin PBXSourcesBuildPhase section */
		92950AC41D1CDE1F008A5851 /* Sources */ = {
			isa = PBXSourcesBuildPhase;
			buildActionMask = 2147483647;
			files = (
				92950AD41D1CDE6A008A5851 /* Find.m in Sources */,
				92950ACC1D1CDE1F008A5851 /* main.m in Sources */,
			);
			runOnlyForDeploymentPostprocessing = 0;
		};
/* End PBXSourcesBuildPhase section */

/* Begin XCBuildConfiguration section */
		92950ACD1D1CDE1F008A5851 /* Debug */ = {
			isa = XCBuildConfiguration;
			buildSettings = {
				ALWAYS_SEARCH_USER_PATHS = NO;
				CLANG_ANALYZER_NONNULL = YES;
				CLANG_CXX_LANGUAGE_STANDARD = "gnu++0x";
				CLANG_CXX_LIBRARY = "libc++";
				CLANG_ENABLE_MODULES = YES;
				CLANG_ENABLE_OBJC_ARC = YES;
				CLANG_WARN_BOOL_CONVERSION = YES;
				CLANG_WARN_CONSTANT_CONVERSION = YES;
				CLANG_WARN_DIRECT_OBJC_ISA_USAGE = YES_ERROR;
				CLANG_WARN_EMPTY_BODY = YES;
				CLANG_WARN_ENUM_CONVERSION = YES;
				CLANG_WARN_INT_CONVERSION = YES;
				CLANG_WARN_OBJC_ROOT_CLASS = YES_ERROR;
				CLANG_WARN_UNREACHABLE_CODE = YES;
				CLANG_WARN__DUPLICATE_METHOD_MATCH = YES;
				CODE_SIGN_IDENTITY = "-";
				COPY_PHASE_STRIP = NO;
				DEBUG_INFORMATION_FORMAT = dwarf;
				ENABLE_STRICT_OBJC_MSGSEND = YES;
				ENABLE_TESTABILITY = YES;
				GCC_C_LANGUAGE_STANDARD = gnu99;
				GCC_DYNAMIC_NO_PIC = NO;
				GCC_NO_COMMON_BLOCKS = YES;
				GCC_OPTIMIZATION_LEVEL = 0;
				GCC_PREPROCESSOR_DEFINITIONS = (
					"DEBUG=1",
					"$(inherited)",
				);
				GCC_WARN_64_TO_32_BIT_CONVERSION = YES;
				GCC_WARN_ABOUT_RETURN_TYPE = YES_ERROR;
				GCC_WARN_UNDECLARED_SELECTOR = YES;
				GCC_WARN_UNINITIALIZED_AUTOS = YES_AGGRESSIVE;
				GCC_WARN_UNUSED_FUNCTION = YES;
				GCC_WARN_UNUSED_VARIABLE = YES;
				MACOSX_DEPLOYMENT_TARGET = 10.11;
				MTL_ENABLE_DEBUG_INFO = YES;
				ONLY_ACTIVE_ARCH = YES;
				SDKROOT = macosx;
			};
			name = Debug;
		};
		92950ACE1D1CDE1F008A5851 /* Release */ = {
			isa = XCBuildConfiguration;
			buildSettings = {
				ALWAYS_SEARCH_USER_PATHS = NO;
				CLANG_ANALYZER_NONNULL = YES;
				CLANG_CXX_LANGUAGE_STANDARD = "gnu++0x";
				CLANG_CXX_LIBRARY = "libc++";
				CLANG_ENABLE_MODULES = YES;
				CLANG_ENABLE_OBJC_ARC = YES;
				CLANG_WARN_BOOL_CONVERSION = YES;
				CLANG_WARN_CONSTANT_CONVERSION = YES;
				CLANG_WARN_DIRECT_OBJC_ISA_USAGE = YES_ERROR;
				CLANG_WARN_EMPTY_BODY = YES;
				CLANG_WARN_ENUM_CONVERSION = YES;
				CLANG_WARN_INT_CONVERSION = YES;
				CLANG_WARN_OBJC_ROOT_CLASS = YES_ERROR;
				CLANG_WARN_UNREACHABLE_CODE = YES;
				CLANG_WARN__DUPLICATE_METHOD_MATCH = YES;
				CODE_SIGN_IDENTITY = "-";
				COPY_PHASE_STRIP = NO;
				DEBUG_INFORMATION_FORMAT = "dwarf-with-dsym";
				ENABLE_NS_ASSERTIONS = NO;
				ENABLE_STRICT_OBJC_MSGSEND = YES;
				GCC_C_LANGUAGE_STANDARD = gnu99;
				GCC_NO_COMMON_BLOCKS = YES;
				GCC_WARN_64_TO_32_BIT_CONVERSION = YES;
				GCC_WARN_ABOUT_RETURN_TYPE = YES_ERROR;
				GCC_WARN_UNDECLARED_SELECTOR = YES;
				GCC_WARN_UNINITIALIZED_AUTOS = YES_AGGRESSIVE;
				GCC_WARN_UNUSED_FUNCTION = YES;
				GCC_WARN_UNUSED_VARIABLE = YES;
				MACOSX_DEPLOYMENT_TARGET = 10.11;
				MTL_ENABLE_DEBUG_INFO = NO;
				SDKROOT = macosx;
			};
			name = Release;
		};
		92950AD01D1CDE1F008A5851 /* Debug */ = {
			isa = XCBuildConfiguration;
			buildSettings = {
				PRODUCT_NAME = "$(TARGET_NAME)";
			};
			name = Debug;
		};
		92950AD11D1CDE1F008A5851 /* Release */ = {
			isa = XCBuildConfiguration;
			buildSettings = {
				PRODUCT_NAME = "$(TARGET_NAME)";
			};
			name = Release;
		};
/* End XCBuildConfiguration section */

/* Begin XCConfigurationList section */
		92950AC31D1CDE1F008A5851 /* Build configuration list for PBXProject "Find the Largest Number in an Array" */ = {
			isa = XCConfigurationList;
			buildConfigurations = (
				92950ACD1D1CDE1F008A5851 /* Debug */,
				92950ACE1D1CDE1F008A5851 /* Release */,
			);
			defaultConfigurationIsVisible = 0;
			defaultConfigurationName = Release;
		};
		92950ACF1D1CDE1F008A5851 /* Build configuration list for PBXNativeTarget "Find the Largest Number in an Array" */ = {
			isa = XCConfigurationList;
			buildConfigurations = (
				92950AD01D1CDE1F008A5851 /* Debug */,
				92950AD11D1CDE1F008A5851 /* Release */,
			);
			defaultConfigurationIsVisible = 0;
		};
/* End XCConfigurationList section */
	};
	rootObject = 92950AC01D1CDE1F008A5851 /* Project object */;
}
